
Microsoft Visual Studio Solution File, Format Version 12.00
# Visual Studio 15
VisualStudioVersion = 15.0.28307.421
MinimumVisualStudioVersion = 10.0.40219.1
Project("{FAE04EC0-301F-11D3-BF4B-00C04F79EFBC}") = "MVCproceso", "MVCproceso\MVCproceso.csproj", "{EBE5169F-A0E6-46DB-B26E-0B255EE43BC9}"
EndProject
Project("{FAE04EC0-301F-11D3-BF4B-00C04F79EFBC}") = "APIproceso", "APIproceso\APIproceso.csproj", "{E2B06F9E-87D7-43D8-889A-51AEE0AEE29C}"
EndProject
Global
	GlobalSection(SolutionConfigurationPlatforms) = preSolution
		Debug|Any CPU = Debug|Any CPU
		Release|Any CPU = Release|Any CPU
	EndGlobalSection
	GlobalSection(ProjectConfigurationPlatforms) = postSolution
		{EBE5169F-A0E6-46DB-B26E-0B255EE43BC9}.Debug|Any CPU.ActiveCfg = Debug|Any CPU
		{EBE5169F-A0E6-46DB-B26E-0B255EE43BC9}.Debug|Any CPU.Build.0 = Debug|Any CPU
		{EBE5169F-A0E6-46DB-B26E-0B255EE43BC9}.Release|Any CPU.ActiveCfg = Release|Any CPU
		{EBE5169F-A0E6-46DB-B26E-0B255EE43BC9}.Release|Any CPU.Build.0 = Release|Any CPU
		{E2B06F9E-87D7-43D8-889A-51AEE0AEE29C}.Debug|Any CPU.ActiveCfg = Debug|Any CPU
		{E2B06F9E-87D7-43D8-889A-51AEE0AEE29C}.Debug|Any CPU.Build.0 = Debug|Any CPU
		{E2B06F9E-87D7-43D8-889A-51AEE0AEE29C}.Release|Any CPU.ActiveCfg = Release|Any CPU
		{E2B06F9E-87D7-43D8-889A-51AEE0AEE29C}.Release|Any CPU.Build.0 = Release|Any CPU
	EndGlobalSection
	GlobalSection(SolutionProperties) = preSolution
		HideSolutionNode = FALSE
	EndGlobalSection
	GlobalSection(ExtensibilityGlobals) = postSolution
		SolutionGuid = {886C130F-AE70-414C-A886-09CEE33C2A53}
	EndGlobalSection
EndGlobal
